// !$*UTF8*$!
{
	archiveVersion = 1;
	classes = {
	};
	objectVersion = 46;
	objects = {

/* Begin PBXBuildFile section */
		221EEAD4F11ECA91828F4FC3 /* libPods-OBMainProject.a in Frameworks */ = {isa = PBXBuildFile; fileRef = F6C7B87AA841BB5C8B24491E /* libPods-OBMainProject.a */; };
		2BDC88371EA0A7C0009C1592 /* main.m in Sources */ = {isa = PBXBuildFile; fileRef = 2BDC88361EA0A7C0009C1592 /* main.m */; };
		2BDC883A1EA0A7C0009C1592 /* AppDelegate.m in Sources */ = {isa = PBXBuildFile; fileRef = 2BDC88391EA0A7C0009C1592 /* AppDelegate.m */; };
		2BDC883D1EA0A7C0009C1592 /* ViewController.m in Sources */ = {isa = PBXBuildFile; fileRef = 2BDC883C1EA0A7C0009C1592 /* ViewController.m */; };
		2BDC88401EA0A7C0009C1592 /* Main.storyboard in Resources */ = {isa = PBXBuildFile; fileRef = 2BDC883E1EA0A7C0009C1592 /* Main.storyboard */; };
		2BDC88421EA0A7C0009C1592 /* Assets.xcassets in Resources */ = {isa = PBXBuildFile; fileRef = 2BDC88411EA0A7C0009C1592 /* Assets.xcassets */; };
		2BDC88451EA0A7C0009C1592 /* LaunchScreen.storyboard in Resources */ = {isa = PBXBuildFile; fileRef = 2BDC88431EA0A7C0009C1592 /* LaunchScreen.storyboard */; };
		2BDC88501EA0A7C0009C1592 /* OBMainProjectTests.m in Sources */ = {isa = PBXBuildFile; fileRef = 2BDC884F1EA0A7C0009C1592 /* OBMainProjectTests.m */; };
		2BDC885B1EA0A7C0009C1592 /* OBMainProjectUITests.m in Sources */ = {isa = PBXBuildFile; fileRef = 2BDC885A1EA0A7C0009C1592 /* OBMainProjectUITests.m */; };
/* End PBXBuildFile section */

/* Begin PBXContainerItemProxy section */
		2BDC884C1EA0A7C0009C1592 /* PBXContainerItemProxy */ = {
			isa = PBXContainerItemProxy;
			containerPortal = 2BDC882A1EA0A7C0009C1592 /* Project object */;
			proxyType = 1;
			remoteGlobalIDString = 2BDC88311EA0A7C0009C1592;
			remoteInfo = OBMainProject;
		};
		2BDC88571EA0A7C0009C1592 /* PBXContainerItemProxy */ = {
			isa = PBXContainerItemProxy;
			containerPortal = 2BDC882A1EA0A7C0009C1592 /* Project object */;
			proxyType = 1;
			remoteGlobalIDString = 2BDC88311EA0A7C0009C1592;
			remoteInfo = OBMainProject;
		};
/* End PBXContainerItemProxy section */

/* Begin PBXFileReference section */
		2BDC88321EA0A7C0009C1592 /* OBMainProject.app */ = {isa = PBXFileReference; explicitFileType = wrapper.application; includeInIndex = 0; path = OBMainProject.app; sourceTree = BUILT_PRODUCTS_DIR; };
		2BDC88361EA0A7C0009C1592 /* main.m */ = {isa = PBXFileReference; lastKnownFileType = sourcecode.c.objc; path = main.m; sourceTree = "<group>"; };
		2BDC88381EA0A7C0009C1592 /* AppDelegate.h */ = {isa = PBXFileReference; lastKnownFileType = sourcecode.c.h; path = AppDelegate.h; sourceTree = "<group>"; };
		2BDC88391EA0A7C0009C1592 /* AppDelegate.m */ = {isa = PBXFileReference; lastKnownFileType = sourcecode.c.objc; path = AppDelegate.m; sourceTree = "<group>"; };
		2BDC883B1EA0A7C0009C1592 /* ViewController.h */ = {isa = PBXFileReference; lastKnownFileType = sourcecode.c.h; path = ViewController.h; sourceTree = "<group>"; };
		2BDC883C1EA0A7C0009C1592 /* ViewController.m */ = {isa = PBXFileReference; lastKnownFileType = sourcecode.c.objc; path = ViewController.m; sourceTree = "<group>"; };
		2BDC883F1EA0A7C0009C1592 /* Base */ = {isa = PBXFileReference; lastKnownFileType = file.storyboard; name = Base; path = Base.lproj/Main.storyboard; sourceTree = "<group>"; };
		2BDC88411EA0A7C0009C1592 /* Assets.xcassets */ = {isa = PBXFileReference; lastKnownFileType = folder.assetcatalog; path = Assets.xcassets; sourceTree = "<group>"; };
		2BDC88441EA0A7C0009C1592 /* Base */ = {isa = PBXFileReference; lastKnownFileType = file.storyboard; name = Base; path = Base.lproj/LaunchScreen.storyboard; sourceTree = "<group>"; };
		2BDC88461EA0A7C0009C1592 /* Info.plist */ = {isa = PBXFileReference; lastKnownFileType = text.plist.xml; path = Info.plist; sourceTree = "<group>"; };
		2BDC884B1EA0A7C0009C1592 /* OBMainProjectTests.xctest */ = {isa = PBXFileReference; explicitFileType = wrapper.cfbundle; includeInIndex = 0; path = OBMainProjectTests.xctest; sourceTree = BUILT_PRODUCTS_DIR; };
		2BDC884F1EA0A7C0009C1592 /* OBMainProjectTests.m */ = {isa = PBXFileReference; lastKnownFileType = sourcecode.c.objc; path = OBMainProjectTests.m; sourceTree = "<group>"; };
		2BDC88511EA0A7C0009C1592 /* Info.plist */ = {isa = PBXFileReference; lastKnownFileType = text.plist.xml; path = Info.plist; sourceTree = "<group>"; };
		2BDC88561EA0A7C0009C1592 /* OBMainProjectUITests.xctest */ = {isa = PBXFileReference; explicitFileType = wrapper.cfbundle; includeInIndex = 0; path = OBMainProjectUITests.xctest; sourceTree = BUILT_PRODUCTS_DIR; };
		2BDC885A1EA0A7C0009C1592 /* OBMainProjectUITests.m */ = {isa = PBXFileReference; lastKnownFileType = sourcecode.c.objc; path = OBMainProjectUITests.m; sourceTree = "<group>"; };
		2BDC885C1EA0A7C0009C1592 /* Info.plist */ = {isa = PBXFileReference; lastKnownFileType = text.plist.xml; path = Info.plist; sourceTree = "<group>"; };
		4DF35118D66BE60C367DBB9F /* Pods-OBMainProject.release.xcconfig */ = {isa = PBXFileReference; includeInIndex = 1; lastKnownFileType = text.xcconfig; name = "Pods-OBMainProject.release.xcconfig"; path = "Pods/Target Support Files/Pods-OBMainProject/Pods-OBMainProject.release.xcconfig"; sourceTree = "<group>"; };
		CD3FD8CACCBB8838B94DA7CE /* Pods-OBMainProject.debug.xcconfig */ = {isa = PBXFileReference; includeInIndex = 1; lastKnownFileType = text.xcconfig; name = "Pods-OBMainProject.debug.xcconfig"; path = "Pods/Target Support Files/Pods-OBMainProject/Pods-OBMainProject.debug.xcconfig"; sourceTree = "<group>"; };
		F6C7B87AA841BB5C8B24491E /* libPods-OBMainProject.a */ = {isa = PBXFileReference; explicitFileType = archive.ar; includeInIndex = 0; path = "libPods-OBMainProject.a"; sourceTree = BUILT_PRODUCTS_DIR; };
/* End PBXFileReference section */

/* Begin PBXFrameworksBuildPhase section */
		2BDC882F1EA0A7C0009C1592 /* Frameworks */ = {
			isa = PBXFrameworksBuildPhase;
			buildActionMask = 2147483647;
			files = (
				221EEAD4F11ECA91828F4FC3 /* libPods-OBMainProject.a in Frameworks */,
			);
			runOnlyForDeploymentPostprocessing = 0;
		};
		2BDC88481EA0A7C0009C1592 /* Frameworks */ = {
			isa = PBXFrameworksBuildPhase;
			buildActionMask = 2147483647;
			files = (
			);
			runOnlyForDeploymentPostprocessing = 0;
		};
		2BDC88531EA0A7C0009C1592 /* Frameworks */ = {
			isa = PBXFrameworksBuildPhase;
			buildActionMask = 2147483647;
			files = (
			);
			runOnlyForDeploymentPostprocessing = 0;
		};
/* End PBXFrameworksBuildPhase section */

/* Begin PBXGroup section */
		1684B2369781F3C6BAEDE7E5 /* Pods */ = {
			isa = PBXGroup;
			children = (
				CD3FD8CACCBB8838B94DA7CE /* Pods-OBMainProject.debug.xcconfig */,
				4DF35118D66BE60C367DBB9F /* Pods-OBMainProject.release.xcconfig */,
			);
			name = Pods;
			sourceTree = "<group>";
		};
		2BDC88291EA0A7C0009C1592 = {
			isa = PBXGroup;
			children = (
				2BDC88341EA0A7C0009C1592 /* OBMainProject */,
				2BDC884E1EA0A7C0009C1592 /* OBMainProjectTests */,
				2BDC88591EA0A7C0009C1592 /* OBMainProjectUITests */,
				2BDC88331EA0A7C0009C1592 /* Products */,
				1684B2369781F3C6BAEDE7E5 /* Pods */,
				54F232BC12CB51A515EC951E /* Frameworks */,
			);
			sourceTree = "<group>";
		};
		2BDC88331EA0A7C0009C1592 /* Products */ = {
			isa = PBXGroup;
			children = (
				2BDC88321EA0A7C0009C1592 /* OBMainProject.app */,
				2BDC884B1EA0A7C0009C1592 /* OBMainProjectTests.xctest */,
				2BDC88561EA0A7C0009C1592 /* OBMainProjectUITests.xctest */,
			);
			name = Products;
			sourceTree = "<group>";
		};
		2BDC88341EA0A7C0009C1592 /* OBMainProject */ = {
			isa = PBXGroup;
			children = (
				2BDC88381EA0A7C0009C1592 /* AppDelegate.h */,
				2BDC88391EA0A7C0009C1592 /* AppDelegate.m */,
				2BDC883B1EA0A7C0009C1592 /* ViewController.h */,
				2BDC883C1EA0A7C0009C1592 /* ViewController.m */,
				2BDC883E1EA0A7C0009C1592 /* Main.storyboard */,
				2BDC88411EA0A7C0009C1592 /* Assets.xcassets */,
				2BDC88431EA0A7C0009C1592 /* LaunchScreen.storyboard */,
				2BDC88461EA0A7C0009C1592 /* Info.plist */,
				2BDC88351EA0A7C0009C1592 /* Supporting Files */,
			);
			path = OBMainProject;
			sourceTree = "<group>";
		};
		2BDC88351EA0A7C0009C1592 /* Supporting Files */ = {
			isa = PBXGroup;
			children = (
				2BDC88361EA0A7C0009C1592 /* main.m */,
			);
			name = "Supporting Files";
			sourceTree = "<group>";
		};
		2BDC884E1EA0A7C0009C1592 /* OBMainProjectTests */ = {
			isa = PBXGroup;
			children = (
				2BDC884F1EA0A7C0009C1592 /* OBMainProjectTests.m */,
				2BDC88511EA0A7C0009C1592 /* Info.plist */,
			);
			path = OBMainProjectTests;
			sourceTree = "<group>";
		};
		2BDC88591EA0A7C0009C1592 /* OBMainProjectUITests */ = {
			isa = PBXGroup;
			children = (
				2BDC885A1EA0A7C0009C1592 /* OBMainProjectUITests.m */,
				2BDC885C1EA0A7C0009C1592 /* Info.plist */,
			);
			path = OBMainProjectUITests;
			sourceTree = "<group>";
		};
		54F232BC12CB51A515EC951E /* Frameworks */ = {
			isa = PBXGroup;
			children = (
				F6C7B87AA841BB5C8B24491E /* libPods-OBMainProject.a */,
			);
			name = Frameworks;
			sourceTree = "<group>";
		};
/* End PBXGroup section */

/* Begin PBXNativeTarget section */
		2BDC88311EA0A7C0009C1592 /* OBMainProject */ = {
			isa = PBXNativeTarget;
			buildConfigurationList = 2BDC885F1EA0A7C0009C1592 /* Build configuration list for PBXNativeTarget "OBMainProject" */;
			buildPhases = (
				702AFB10AF020E1FF08A7715 /* [CP] Check Pods Manifest.lock */,
				2BDC882E1EA0A7C0009C1592 /* Sources */,
				2BDC882F1EA0A7C0009C1592 /* Frameworks */,
				2BDC88301EA0A7C0009C1592 /* Resources */,
				DCC9B9EB06424CFFDE9C5E64 /* [CP] Embed Pods Frameworks */,
				86D338F980ABF955D2E40E3D /* [CP] Copy Pods Resources */,
			);
			buildRules = (
			);
			dependencies = (
			);
			name = OBMainProject;
			productName = OBMainProject;
			productReference = 2BDC88321EA0A7C0009C1592 /* OBMainProject.app */;
			productType = "com.apple.product-type.application";
		};
		2BDC884A1EA0A7C0009C1592 /* OBMainProjectTests */ = {
			isa = PBXNativeTarget;
			buildConfigurationList = 2BDC88621EA0A7C0009C1592 /* Build configuration list for PBXNativeTarget "OBMainProjectTests" */;
			buildPhases = (
				2BDC88471EA0A7C0009C1592 /* Sources */,
				2BDC88481EA0A7C0009C1592 /* Frameworks */,
				2BDC88491EA0A7C0009C1592 /* Resources */,
			);
			buildRules = (
			);
			dependencies = (
				2BDC884D1EA0A7C0009C1592 /* PBXTargetDependency */,
			);
			name = OBMainProjectTests;
			productName = OBMainProjectTests;
			productReference = 2BDC884B1EA0A7C0009C1592 /* OBMainProjectTests.xctest */;
			productType = "com.apple.product-type.bundle.unit-test";
		};
		2BDC88551EA0A7C0009C1592 /* OBMainProjectUITests */ = {
			isa = PBXNativeTarget;
			buildConfigurationList = 2BDC88651EA0A7C0009C1592 /* Build configuration list for PBXNativeTarget "OBMainProjectUITests" */;
			buildPhases = (
				2BDC88521EA0A7C0009C1592 /* Sources */,
				2BDC88531EA0A7C0009C1592 /* Frameworks */,
				2BDC88541EA0A7C0009C1592 /* Resources */,
			);
			buildRules = (
			);
			dependencies = (
				2BDC88581EA0A7C0009C1592 /* PBXTargetDependency */,
			);
			name = OBMainProjectUITests;
			productName = OBMainProjectUITests;
			productReference = 2BDC88561EA0A7C0009C1592 /* OBMainProjectUITests.xctest */;
			productType = "com.apple.product-type.bundle.ui-testing";
		};
/* End PBXNativeTarget section */

/* Begin PBXProject section */
		2BDC882A1EA0A7C0009C1592 /* Project object */ = {
			isa = PBXProject;
			attributes = {
				LastUpgradeCheck = 0820;
				ORGANIZATIONNAME = obally;
				TargetAttributes = {
					2BDC88311EA0A7C0009C1592 = {
						CreatedOnToolsVersion = 8.2.1;
						DevelopmentTeam = H9BU355MET;
						ProvisioningStyle = Automatic;
					};
					2BDC884A1EA0A7C0009C1592 = {
						CreatedOnToolsVersion = 8.2.1;
						DevelopmentTeam = H9BU355MET;
						ProvisioningStyle = Automatic;
						TestTargetID = 2BDC88311EA0A7C0009C1592;
					};
					2BDC88551EA0A7C0009C1592 = {
						CreatedOnToolsVersion = 8.2.1;
						DevelopmentTeam = H9BU355MET;
						ProvisioningStyle = Automatic;
						TestTargetID = 2BDC88311EA0A7C0009C1592;
					};
				};
			};
			buildConfigurationList = 2BDC882D1EA0A7C0009C1592 /* Build configuration list for PBXProject "OBMainProject" */;
			compatibilityVersion = "Xcode 3.2";
			developmentRegion = English;
			hasScannedForEncodings = 0;
			knownRegions = (
				en,
				Base,
			);
			mainGroup = 2BDC88291EA0A7C0009C1592;
			productRefGroup = 2BDC88331EA0A7C0009C1592 /* Products */;
			projectDirPath = "";
			projectRoot = "";
			targets = (
				2BDC88311EA0A7C0009C1592 /* OBMainProject */,
				2BDC884A1EA0A7C0009C1592 /* OBMainProjectTests */,
				2BDC88551EA0A7C0009C1592 /* OBMainProjectUITests */,
			);
		};
/* End PBXProject section */

/* Begin PBXResourcesBuildPhase section */
		2BDC88301EA0A7C0009C1592 /* Resources */ = {
			isa = PBXResourcesBuildPhase;
			buildActionMask = 2147483647;
			files = (
				2BDC88451EA0A7C0009C1592 /* LaunchScreen.storyboard in Resources */,
				2BDC88421EA0A7C0009C1592 /* Assets.xcassets in Resources */,
				2BDC88401EA0A7C0009C1592 /* Main.storyboard in Resources */,
			);
			runOnlyForDeploymentPostprocessing = 0;
		};
		2BDC88491EA0A7C0009C1592 /* Resources */ = {
			isa = PBXResourcesBuildPhase;
			buildActionMask = 2147483647;
			files = (
			);
			runOnlyForDeploymentPostprocessing = 0;
		};
		2BDC88541EA0A7C0009C1592 /* Resources */ = {
			isa = PBXResourcesBuildPhase;
			buildActionMask = 2147483647;
			files = (
			);
			runOnlyForDeploymentPostprocessing = 0;
		};
/* End PBXResourcesBuildPhase section */

/* Begin PBXShellScriptBuildPhase section */
		702AFB10AF020E1FF08A7715 /* [CP] Check Pods Manifest.lock */ = {
			isa = PBXShellScriptBuildPhase;
			buildActionMask = 2147483647;
			files = (
			);
			inputPaths = (
			);
			name = "[CP] Check Pods Manifest.lock";
			outputPaths = (
			);
			runOnlyForDeploymentPostprocessing = 0;
			shellPath = /bin/sh;
			shellScript = "diff \"${PODS_PODFILE_DIR_PATH}/Podfile.lock\" \"${PODS_ROOT}/Manifest.lock\" > /dev/null\nif [ $? != 0 ] ; then\n    # print error to STDERR\n    echo \"error: The sandbox is not in sync with the Podfile.lock. Run 'pod install' or update your CocoaPods installation.\" >&2\n    exit 1\nfi\n";
			showEnvVarsInLog = 0;
		};
		86D338F980ABF955D2E40E3D /* [CP] Copy Pods Resources */ = {
			isa = PBXShellScriptBuildPhase;
			buildActionMask = 2147483647;
			files = (
			);
			inputPaths = (
			);
			name = "[CP] Copy Pods Resources";
			outputPaths = (
			);
			runOnlyForDeploymentPostprocessing = 0;
			shellPath = /bin/sh;
			shellScript = "\"${SRCROOT}/Pods/Target Support Files/Pods-OBMainProject/Pods-OBMainProject-resources.sh\"\n";
			showEnvVarsInLog = 0;
		};
		DCC9B9EB06424CFFDE9C5E64 /* [CP] Embed Pods Frameworks */ = {
			isa = PBXShellScriptBuildPhase;
			buildActionMask = 2147483647;
			files = (
			);
			inputPaths = (
			);
			name = "[CP] Embed Pods Frameworks";
			outputPaths = (
			);
			runOnlyForDeploymentPostprocessing = 0;
			shellPath = /bin/sh;
			shellScript = "\"${SRCROOT}/Pods/Target Support Files/Pods-OBMainProject/Pods-OBMainProject-frameworks.sh\"\n";
			showEnvVarsInLog = 0;
		};
/* End PBXShellScriptBuildPhase section */

/* Begin PBXSourcesBuildPhase section */
		2BDC882E1EA0A7C0009C1592 /* Sources */ = {
			isa = PBXSourcesBuildPhase;
			buildActionMask = 2147483647;
			files = (
				2BDC883D1EA0A7C0009C1592 /* ViewController.m in Sources */,
				2BDC883A1EA0A7C0009C1592 /* AppDelegate.m in Sources */,
				2BDC88371EA0A7C0009C1592 /* main.m in Sources */,
			);
			runOnlyForDeploymentPostprocessing = 0;
		};
		2BDC88471EA0A7C0009C1592 /* Sources */ = {
			isa = PBXSourcesBuildPhase;
			buildActionMask = 2147483647;
			files = (
				2BDC88501EA0A7C0009C1592 /* OBMainProjectTests.m in Sources */,
			);
			runOnlyForDeploymentPostprocessing = 0;
		};
		2BDC88521EA0A7C0009C1592 /* Sources */ = {
			isa = PBXSourcesBuildPhase;
			buildActionMask = 2147483647;
			files = (
				2BDC885B1EA0A7C0009C1592 /* OBMainProjectUITests.m in Sources */,
			);
			runOnlyForDeploymentPostprocessing = 0;
		};
/* End PBXSourcesBuildPhase section */

/* Begin PBXTargetDependency section */
		2BDC884D1EA0A7C0009C1592 /* PBXTargetDependency */ = {
			isa = PBXTargetDependency;
			target = 2BDC88311EA0A7C0009C1592 /* OBMainProject */;
			targetProxy = 2BDC884C1EA0A7C0009C1592 /* PBXContainerItemProxy */;
		};
		2BDC88581EA0A7C0009C1592 /* PBXTargetDependency */ = {
			isa = PBXTargetDependency;
			target = 2BDC88311EA0A7C0009C1592 /* OBMainProject */;
			targetProxy = 2BDC88571EA0A7C0009C1592 /* PBXContainerItemProxy */;
		};
/* End PBXTargetDependency section */

/* Begin PBXVariantGroup section */
		2BDC883E1EA0A7C0009C1592 /* Main.storyboard */ = {
			isa = PBXVariantGroup;
			children = (
				2BDC883F1EA0A7C0009C1592 /* Base */,
			);
			name = Main.storyboard;
			sourceTree = "<group>";
		};
		2BDC88431EA0A7C0009C1592 /* LaunchScreen.storyboard */ = {
			isa = PBXVariantGroup;
			children = (
				2BDC88441EA0A7C0009C1592 /* Base */,
			);
			name = LaunchScreen.storyboard;
			sourceTree = "<group>";
		};
/* End PBXVariantGroup section */

/* Begin XCBuildConfiguration section */
		2BDC885D1EA0A7C0009C1592 /* Debug */ = {
			isa = XCBuildConfiguration;
			buildSettings = {
				ALWAYS_SEARCH_USER_PATHS = NO;
				CLANG_ANALYZER_NONNULL = YES;
				CLANG_CXX_LANGUAGE_STANDARD = "gnu++0x";
				CLANG_CXX_LIBRARY = "libc++";
				CLANG_ENABLE_MODULES = YES;
				CLANG_ENABLE_OBJC_ARC = YES;
				CLANG_WARN_BOOL_CONVERSION = YES;
				CLANG_WARN_CONSTANT_CONVERSION = YES;
				CLANG_WARN_DIRECT_OBJC_ISA_USAGE = YES_ERROR;
				CLANG_WARN_DOCUMENTATION_COMMENTS = YES;
				CLANG_WARN_EMPTY_BODY = YES;
				CLANG_WARN_ENUM_CONVERSION = YES;
				CLANG_WARN_INFINITE_RECURSION = YES;
				CLANG_WARN_INT_CONVERSION = YES;
				CLANG_WARN_OBJC_ROOT_CLASS = YES_ERROR;
				CLANG_WARN_SUSPICIOUS_MOVE = YES;
				CLANG_WARN_UNREACHABLE_CODE = YES;
				CLANG_WARN__DUPLICATE_METHOD_MATCH = YES;
				"CODE_SIGN_IDENTITY[sdk=iphoneos*]" = "iPhone Developer";
				COPY_PHASE_STRIP = NO;
				DEBUG_INFORMATION_FORMAT = dwarf;
				ENABLE_STRICT_OBJC_MSGSEND = YES;
				ENABLE_TESTABILITY = YES;
				GCC_C_LANGUAGE_STANDARD = gnu99;
				GCC_DYNAMIC_NO_PIC = NO;
				GCC_NO_COMMON_BLOCKS = YES;
				GCC_OPTIMIZATION_LEVEL = 0;
				GCC_PREPROCESSOR_DEFINITIONS = (
					"DEBUG=1",
					"$(inherited)",
				);
				GCC_WARN_64_TO_32_BIT_CONVERSION = YES;
				GCC_WARN_ABOUT_RETURN_TYPE = YES_ERROR;
				GCC_WARN_UNDECLARED_SELECTOR = YES;
				GCC_WARN_UNINITIALIZED_AUTOS = YES_AGGRESSIVE;
				GCC_WARN_UNUSED_FUNCTION = YES;
				GCC_WARN_UNUSED_VARIABLE = YES;
				IPHONEOS_DEPLOYMENT_TARGET = 10.2;
				MTL_ENABLE_DEBUG_INFO = YES;
				ONLY_ACTIVE_ARCH = YES;
				SDKROOT = iphoneos;
				TARGETED_DEVICE_FAMILY = "1,2";
			};
			name = Debug;
		};
		2BDC885E1EA0A7C0009C1592 /* Release */ = {
			isa = XCBuildConfiguration;
			buildSettings = {
				ALWAYS_SEARCH_USER_PATHS = NO;
				CLANG_ANALYZER_NONNULL = YES;
				CLANG_CXX_LANGUAGE_STANDARD = "gnu++0x";
				CLANG_CXX_LIBRARY = "libc++";
				CLANG_ENABLE_MODULES = YES;
				CLANG_ENABLE_OBJC_ARC = YES;
				CLANG_WARN_BOOL_CONVERSION = YES;
				CLANG_WARN_CONSTANT_CONVERSION = YES;
				CLANG_WARN_DIRECT_OBJC_ISA_USAGE = YES_ERROR;
				CLANG_WARN_DOCUMENTATION_COMMENTS = YES;
				CLANG_WARN_EMPTY_BODY = YES;
				CLANG_WARN_ENUM_CONVERSION = YES;
				CLANG_WARN_INFINITE_RECURSION = YES;
				CLANG_WARN_INT_CONVERSION = YES;
				CLANG_WARN_OBJC_ROOT_CLASS = YES_ERROR;
				CLANG_WARN_SUSPICIOUS_MOVE = YES;
				CLANG_WARN_UNREACHABLE_CODE = YES;
				CLANG_WARN__DUPLICATE_METHOD_MATCH = YES;
				"CODE_SIGN_IDENTITY[sdk=iphoneos*]" = "iPhone Developer";
				COPY_PHASE_STRIP = NO;
				DEBUG_INFORMATION_FORMAT = "dwarf-with-dsym";
				ENABLE_NS_ASSERTIONS = NO;
				ENABLE_STRICT_OBJC_MSGSEND = YES;
				GCC_C_LANGUAGE_STANDARD = gnu99;
				GCC_NO_COMMON_BLOCKS = YES;
				GCC_WARN_64_TO_32_BIT_CONVERSION = YES;
				GCC_WARN_ABOUT_RETURN_TYPE = YES_ERROR;
				GCC_WARN_UNDECLARED_SELECTOR = YES;
				GCC_WARN_UNINITIALIZED_AUTOS = YES_AGGRESSIVE;
				GCC_WARN_UNUSED_FUNCTION = YES;
				GCC_WARN_UNUSED_VARIABLE = YES;
				IPHONEOS_DEPLOYMENT_TARGET = 10.2;
				MTL_ENABLE_DEBUG_INFO = NO;
				SDKROOT = iphoneos;
				TARGETED_DEVICE_FAMILY = "1,2";
				VALIDATE_PRODUCT = YES;
			};
			name = Release;
		};
		2BDC88601EA0A7C0009C1592 /* Debug */ = {
			isa = XCBuildConfiguration;
			baseConfigurationReference = CD3FD8CACCBB8838B94DA7CE /* Pods-OBMainProject.debug.xcconfig */;
			buildSettings = {
				ASSETCATALOG_COMPILER_APPICON_NAME = AppIcon;
				DEVELOPMENT_TEAM = H9BU355MET;
				INFOPLIST_FILE = OBMainProject/Info.plist;
				LD_RUNPATH_SEARCH_PATHS = "$(inherited) @executable_path/Frameworks";
				PRODUCT_BUNDLE_IDENTIFIER = com.synjones.OBMainProject;
				PRODUCT_NAME = "$(TARGET_NAME)";
			};
			name = Debug;
		};
		2BDC88611EA0A7C0009C1592 /* Release */ = {
			isa = XCBuildConfiguration;
			baseConfigurationReference = 4DF35118D66BE60C367DBB9F /* Pods-OBMainProject.release.xcconfig */;
			buildSettings = {
				ASSETCATALOG_COMPILER_APPICON_NAME = AppIcon;
				DEVELOPMENT_TEAM = H9BU355MET;
				INFOPLIST_FILE = OBMainProject/Info.plist;
				LD_RUNPATH_SEARCH_PATHS = "$(inherited) @executable_path/Frameworks";
				PRODUCT_BUNDLE_IDENTIFIER = com.synjones.OBMainProject;
				PRODUCT_NAME = "$(TARGET_NAME)";
			};
			name = Release;
		};
		2BDC88631EA0A7C0009C1592 /* Debug */ = {
			isa = XCBuildConfiguration;
			buildSettings = {
				BUNDLE_LOADER = "$(TEST_HOST)";
				DEVELOPMENT_TEAM = H9BU355MET;
				INFOPLIST_FILE = OBMainProjectTests/Info.plist;
				LD_RUNPATH_SEARCH_PATHS = "$(inherited) @executable_path/Frameworks @loader_path/Frameworks";
				PRODUCT_BUNDLE_IDENTIFIER = com.synjones.OBMainProjectTests;
				PRODUCT_NAME = "$(TARGET_NAME)";
				TEST_HOST = "$(BUILT_PRODUCTS_DIR)/OBMainProject.app/OBMainProject";
			};
			name = Debug;
		};
		2BDC88641EA0A7C0009C1592 /* Release */ = {
			isa = XCBuildConfiguration;
			buildSettings = {
				BUNDLE_LOADER = "$(TEST_HOST)";
				DEVELOPMENT_TEAM = H9BU355MET;
				INFOPLIST_FILE = OBMainProjectTests/Info.plist;
				LD_RUNPATH_SEARCH_PATHS = "$(inherited) @executable_path/Frameworks @loader_path/Frameworks";
				PRODUCT_BUNDLE_IDENTIFIER = com.synjones.OBMainProjectTests;
				PRODUCT_NAME = "$(TARGET_NAME)";
				TEST_HOST = "$(BUILT_PRODUCTS_DIR)/OBMainProject.app/OBMainProject";
			};
			name = Release;
		};
		2BDC88661EA0A7C0009C1592 /* Debug */ = {
			isa = XCBuildConfiguration;
			buildSettings = {
				DEVELOPMENT_TEAM = H9BU355MET;
				INFOPLIST_FILE = OBMainProjectUITests/Info.plist;
				LD_RUNPATH_SEARCH_PATHS = "$(inherited) @executable_path/Frameworks @loader_path/Frameworks";
				PRODUCT_BUNDLE_IDENTIFIER = com.synjones.OBMainProjectUITests;
				PRODUCT_NAME = "$(TARGET_NAME)";
				TEST_TARGET_NAME = OBMainProject;
			};
			name = Debug;
		};
		2BDC88671EA0A7C0009C1592 /* Release */ = {
			isa = XCBuildConfiguration;
			buildSettings = {
				DEVELOPMENT_TEAM = H9BU355MET;
				INFOPLIST_FILE = OBMainProjectUITests/Info.plist;
				LD_RUNPATH_SEARCH_PATHS = "$(inherited) @executable_path/Frameworks @loader_path/Frameworks";
				PRODUCT_BUNDLE_IDENTIFIER = com.synjones.OBMainProjectUITests;
				PRODUCT_NAME = "$(TARGET_NAME)";
				TEST_TARGET_NAME = OBMainProject;
			};
			name = Release;
		};
/* End XCBuildConfiguration section */

/* Begin XCConfigurationList section */
		2BDC882D1EA0A7C0009C1592 /* Build configuration list for PBXProject "OBMainProject" */ = {
			isa = XCConfigurationList;
			buildConfigurations = (
				2BDC885D1EA0A7C0009C1592 /* Debug */,
				2BDC885E1EA0A7C0009C1592 /* Release */,
			);
			defaultConfigurationIsVisible = 0;
			defaultConfigurationName = Release;
		};
		2BDC885F1EA0A7C0009C1592 /* Build configuration list for PBXNativeTarget "OBMainProject" */ = {
			isa = XCConfigurationList;
			buildConfigurations = (
				2BDC88601EA0A7C0009C1592 /* Debug */,
				2BDC88611EA0A7C0009C1592 /* Release */,
			);
			defaultConfigurationIsVisible = 0;
		};
		2BDC88621EA0A7C0009C1592 /* Build configuration list for PBXNativeTarget "OBMainProjectTests" */ = {
			isa = XCConfigurationList;
			buildConfigurations = (
				2BDC88631EA0A7C0009C1592 /* Debug */,
				2BDC88641EA0A7C0009C1592 /* Release */,
			);
			defaultConfigurationIsVisible = 0;
		};
		2BDC88651EA0A7C0009C1592 /* Build configuration list for PBXNativeTarget "OBMainProjectUITests" */ = {
			isa = XCConfigurationList;
			buildConfigurations = (
				2BDC88661EA0A7C0009C1592 /* Debug */,
				2BDC88671EA0A7C0009C1592 /* Release */,
			);
			defaultConfigurationIsVisible = 0;
		};
/* End XCConfigurationList section */
	};
	rootObject = 2BDC882A1EA0A7C0009C1592 /* Project object */;
}
